
Microsoft Visual Studio Solution File, Format Version 12.00
# Visual Studio Version 16
VisualStudioVersion = 16.0.31729.503
MinimumVisualStudioVersion = 10.0.40219.1
Project("{FAE04EC0-301F-11D3-BF4B-00C04F79EFBC}") = "WPFgit", "WPFgit\WPFgit.csproj", "{C99E7A23-1D83-45A6-8B20-C8114D723963}"
EndProject
Global
	GlobalSection(SolutionConfigurationPlatforms) = preSolution
		Debug|Any CPU = Debug|Any CPU
		Release|Any CPU = Release|Any CPU
	EndGlobalSection
	GlobalSection(ProjectConfigurationPlatforms) = postSolution
		{C99E7A23-1D83-45A6-8B20-C8114D723963}.Debug|Any CPU.ActiveCfg = Debug|Any CPU
		{C99E7A23-1D83-45A6-8B20-C8114D723963}.Debug|Any CPU.Build.0 = Debug|Any CPU
		{C99E7A23-1D83-45A6-8B20-C8114D723963}.Release|Any CPU.ActiveCfg = Release|Any CPU
		{C99E7A23-1D83-45A6-8B20-C8114D723963}.Release|Any CPU.Build.0 = Release|Any CPU
	EndGlobalSection
	GlobalSection(SolutionProperties) = preSolution
		HideSolutionNode = FALSE
	EndGlobalSection
	GlobalSection(ExtensibilityGlobals) = postSolution
		SolutionGuid = {281F64AC-DDFB-40F7-8C3B-1894C8F3A1BB}
	EndGlobalSection
EndGlobal
